
Microsoft Visual Studio Solution File, Format Version 12.00
# Visual Studio Version 16
VisualStudioVersion = 16.0.30204.135
MinimumVisualStudioVersion = 10.0.40219.1
Project("{FAE04EC0-301F-11D3-BF4B-00C04F79EFBC}") = "TMFS", "TMFS\TMFS.csproj", "{2F407224-D66F-4090-9E4E-00C95A05F0A5}"
EndProject
Global
	GlobalSection(SolutionConfigurationPlatforms) = preSolution
		Debug|Any CPU = Debug|Any CPU
		Release|Any CPU = Release|Any CPU
	EndGlobalSection
	GlobalSection(ProjectConfigurationPlatforms) = postSolution
		{2F407224-D66F-4090-9E4E-00C95A05F0A5}.Debug|Any CPU.ActiveCfg = Debug|Any CPU
		{2F407224-D66F-4090-9E4E-00C95A05F0A5}.Debug|Any CPU.Build.0 = Debug|Any CPU
		{2F407224-D66F-4090-9E4E-00C95A05F0A5}.Release|Any CPU.ActiveCfg = Release|Any CPU
		{2F407224-D66F-4090-9E4E-00C95A05F0A5}.Release|Any CPU.Build.0 = Release|Any CPU
	EndGlobalSection
	GlobalSection(SolutionProperties) = preSolution
		HideSolutionNode = FALSE
	EndGlobalSection
	GlobalSection(ExtensibilityGlobals) = postSolution
		SolutionGuid = {41AE0CAF-06A6-43A4-B7FE-17021DA02E36}
	EndGlobalSection
EndGlobal
